
Microsoft Visual Studio Solution File, Format Version 12.00
# Visual Studio Version 17
VisualStudioVersion = 17.9.34511.98
MinimumVisualStudioVersion = 10.0.40219.1
Project("{FAE04EC0-301F-11D3-BF4B-00C04F79EFBC}") = "Job_Application_Management", "Job_Application_Management.csproj", "{EE7D0D3D-122C-4B1A-A699-19BE2AA4BAB2}"
EndProject
Global
	GlobalSection(SolutionConfigurationPlatforms) = preSolution
		Debug|Any CPU = Debug|Any CPU
		Release|Any CPU = Release|Any CPU
	EndGlobalSection
	GlobalSection(ProjectConfigurationPlatforms) = postSolution
		{EE7D0D3D-122C-4B1A-A699-19BE2AA4BAB2}.Debug|Any CPU.ActiveCfg = Debug|Any CPU
		{EE7D0D3D-122C-4B1A-A699-19BE2AA4BAB2}.Debug|Any CPU.Build.0 = Debug|Any CPU
		{EE7D0D3D-122C-4B1A-A699-19BE2AA4BAB2}.Release|Any CPU.ActiveCfg = Release|Any CPU
		{EE7D0D3D-122C-4B1A-A699-19BE2AA4BAB2}.Release|Any CPU.Build.0 = Release|Any CPU
	EndGlobalSection
	GlobalSection(SolutionProperties) = preSolution
		HideSolutionNode = FALSE
	EndGlobalSection
	GlobalSection(ExtensibilityGlobals) = postSolution
		SolutionGuid = {FD6463AE-5D9C-494B-B648-BAE09DB28A20}
	EndGlobalSection
EndGlobal
